<!doctype html>
<html lang="en" class="dark">
  <head>
    <meta charset="UTF-8" />
    <meta name="viewport" content="width=device-width, initial-scale=1.0" />
    <title>Strocter — AI-Powered Behavioral Finance Intelligence</title>
    <meta name="description" content="Decode impulse. Engineer stability. Predict behavioral risk. Strocter is the institutional-grade behavioral finance AI platform." />
    <meta name="author" content="Strocter" />
    <meta property="og:title" content="Strocter — Behavioral Finance AI" />
    <meta property="og:description" content="AI-Powered Financial Intelligence Platform" />
    <meta property="og:type" content="website" />
    <meta name="twitter:card" content="summary_large_image" />
  </head>

  <body>
    <div id="root"></div>
    <script type="module" src="/src/main.tsx"></script>
  </body>
</html>
